
Microsoft Visual Studio Solution File, Format Version 12.00
# Visual Studio Version 16
VisualStudioVersion = 16.0.30011.22
MinimumVisualStudioVersion = 10.0.40219.1
Project("{FAE04EC0-301F-11D3-BF4B-00C04F79EFBC}") = "WindowsFormsApp2", "WindowsFormsApp2\WindowsFormsApp2.csproj", "{63A6CEB4-4170-457D-AA70-123832D05CEE}"
EndProject
Global
	GlobalSection(SolutionConfigurationPlatforms) = preSolution
		Debug|Any CPU = Debug|Any CPU
		Release|Any CPU = Release|Any CPU
	EndGlobalSection
	GlobalSection(ProjectConfigurationPlatforms) = postSolution
		{63A6CEB4-4170-457D-AA70-123832D05CEE}.Debug|Any CPU.ActiveCfg = Debug|Any CPU
		{63A6CEB4-4170-457D-AA70-123832D05CEE}.Debug|Any CPU.Build.0 = Debug|Any CPU
		{63A6CEB4-4170-457D-AA70-123832D05CEE}.Release|Any CPU.ActiveCfg = Release|Any CPU
		{63A6CEB4-4170-457D-AA70-123832D05CEE}.Release|Any CPU.Build.0 = Release|Any CPU
	EndGlobalSection
	GlobalSection(SolutionProperties) = preSolution
		HideSolutionNode = FALSE
	EndGlobalSection
	GlobalSection(ExtensibilityGlobals) = postSolution
		SolutionGuid = {C5BBF8FD-1B36-46D7-9700-EAC2B7CCFC1D}
	EndGlobalSection
EndGlobal
